
Microsoft Visual Studio Solution File, Format Version 12.00
# Visual Studio Version 17
VisualStudioVersion = 17.5.002.0
MinimumVisualStudioVersion = 10.0.40219.1
Project("{9A19103F-16F7-4668-BE54-9A1E7A4F7556}") = "Database000", "Database000.csproj", "{7EA2E7F0-A652-44C2-A081-99F8FE175BC3}"
EndProject
Global
	GlobalSection(SolutionConfigurationPlatforms) = preSolution
		Debug|Any CPU = Debug|Any CPU
		Release|Any CPU = Release|Any CPU
	EndGlobalSection
	GlobalSection(ProjectConfigurationPlatforms) = postSolution
		{7EA2E7F0-A652-44C2-A081-99F8FE175BC3}.Debug|Any CPU.ActiveCfg = Debug|Any CPU
		{7EA2E7F0-A652-44C2-A081-99F8FE175BC3}.Debug|Any CPU.Build.0 = Debug|Any CPU
		{7EA2E7F0-A652-44C2-A081-99F8FE175BC3}.Release|Any CPU.ActiveCfg = Release|Any CPU
		{7EA2E7F0-A652-44C2-A081-99F8FE175BC3}.Release|Any CPU.Build.0 = Release|Any CPU
	EndGlobalSection
	GlobalSection(SolutionProperties) = preSolution
		HideSolutionNode = FALSE
	EndGlobalSection
	GlobalSection(ExtensibilityGlobals) = postSolution
		SolutionGuid = {DBE899C4-63EA-422C-9853-6935E9D8D5A2}
	EndGlobalSection
EndGlobal
